{
    "_readme": [
        "This file locks the dependencies of your project to a known state",
        "Read more about it at https://getcomposer.org/doc/01-basic-usage.md#installing-dependencies",
        "This file is @generated automatically"
    ],
    "content-hash": "eeb4ac60e9bad64b835a43db07e76c62",
    "packages": [
        {
            "name": "tailieuweb/mypackage",
            "version": "dev-main",
            "source": {
                "type": "git",
                "url": "https://github.com/tailieuweb/mypackage.git",
                "reference": "071250e444f58ee406ad5a1a815d5d33323c78ac"
            },
            "dist": {
                "type": "zip",
                "url": "https://api.github.com/repos/tailieuweb/mypackage/zipball/071250e444f58ee406ad5a1a815d5d33323c78ac",
                "reference": "071250e444f58ee406ad5a1a815d5d33323c78ac",
                "shasum": ""
            },
            "default-branch": true,
            "type": "library",
            "autoload": {
                "psr-4": {
                    "Tailieuweb\\Mypackage\\": "src/"
                }
            },
            "notification-url": "https://packagist.org/downloads/",
            "license": [
                "MIT"
            ],
            "authors": [
                {
                    "name": "foostart",
                    "email": "foostart.com@gmail.com"
                }
            ],
            "description": "mypackage",
            "keywords": [
                "Mypackage"
            ],
            "support": {
                "issues": "https://github.com/tailieuweb/mypackage/issues",
                "source": "https://github.com/tailieuweb/mypackage/tree/main"
            },
            "time": "2022-03-26T01:27:52+00:00"
        }
    ],
    "packages-dev": [],
    "aliases": [],
    "minimum-stability": "dev",
    "stability-flags": {
        "tailieuweb/mypackage": 20
    },
    "prefer-stable": false,
    "prefer-lowest": false,
    "platform": [],
    "platform-dev": [],
    "plugin-api-version": "2.2.0"
}
